
Microsoft Visual Studio Solution File, Format Version 12.00
# Visual Studio Version 16
VisualStudioVersion = 16.0.30114.105
MinimumVisualStudioVersion = 10.0.40219.1
Project("{FAE04EC0-301F-11D3-BF4B-00C04F79EFBC}") = "API", "API\API.csproj", "{0EB686CF-BE23-4F13-A2CE-6FB97AEADC96}"
EndProject
Project("{FAE04EC0-301F-11D3-BF4B-00C04F79EFBC}") = "Application", "Application\Application.csproj", "{010FCEA4-93FC-487D-9511-3EE9FFA5C0F0}"
EndProject
Project("{FAE04EC0-301F-11D3-BF4B-00C04F79EFBC}") = "Domain", "Domain\Domain.csproj", "{E32C8A19-EA87-47C1-B5CC-605A9C6264DD}"
EndProject
Project("{FAE04EC0-301F-11D3-BF4B-00C04F79EFBC}") = "Persistence", "Persistence\Persistence.csproj", "{FF5CC04B-B743-4626-BB39-1B87254AAE5F}"
EndProject
Global
	GlobalSection(SolutionConfigurationPlatforms) = preSolution
		Debug|Any CPU = Debug|Any CPU
		Debug|x64 = Debug|x64
		Debug|x86 = Debug|x86
		Release|Any CPU = Release|Any CPU
		Release|x64 = Release|x64
		Release|x86 = Release|x86
	EndGlobalSection
	GlobalSection(SolutionProperties) = preSolution
		HideSolutionNode = FALSE
	EndGlobalSection
	GlobalSection(ProjectConfigurationPlatforms) = postSolution
		{0EB686CF-BE23-4F13-A2CE-6FB97AEADC96}.Debug|Any CPU.ActiveCfg = Debug|Any CPU
		{0EB686CF-BE23-4F13-A2CE-6FB97AEADC96}.Debug|Any CPU.Build.0 = Debug|Any CPU
		{0EB686CF-BE23-4F13-A2CE-6FB97AEADC96}.Debug|x64.ActiveCfg = Debug|Any CPU
		{0EB686CF-BE23-4F13-A2CE-6FB97AEADC96}.Debug|x64.Build.0 = Debug|Any CPU
		{0EB686CF-BE23-4F13-A2CE-6FB97AEADC96}.Debug|x86.ActiveCfg = Debug|Any CPU
		{0EB686CF-BE23-4F13-A2CE-6FB97AEADC96}.Debug|x86.Build.0 = Debug|Any CPU
		{0EB686CF-BE23-4F13-A2CE-6FB97AEADC96}.Release|Any CPU.ActiveCfg = Release|Any CPU
		{0EB686CF-BE23-4F13-A2CE-6FB97AEADC96}.Release|Any CPU.Build.0 = Release|Any CPU
		{0EB686CF-BE23-4F13-A2CE-6FB97AEADC96}.Release|x64.ActiveCfg = Release|Any CPU
		{0EB686CF-BE23-4F13-A2CE-6FB97AEADC96}.Release|x64.Build.0 = Release|Any CPU
		{0EB686CF-BE23-4F13-A2CE-6FB97AEADC96}.Release|x86.ActiveCfg = Release|Any CPU
		{0EB686CF-BE23-4F13-A2CE-6FB97AEADC96}.Release|x86.Build.0 = Release|Any CPU
		{010FCEA4-93FC-487D-9511-3EE9FFA5C0F0}.Debug|Any CPU.ActiveCfg = Debug|Any CPU
		{010FCEA4-93FC-487D-9511-3EE9FFA5C0F0}.Debug|Any CPU.Build.0 = Debug|Any CPU
		{010FCEA4-93FC-487D-9511-3EE9FFA5C0F0}.Debug|x64.ActiveCfg = Debug|Any CPU
		{010FCEA4-93FC-487D-9511-3EE9FFA5C0F0}.Debug|x64.Build.0 = Debug|Any CPU
		{010FCEA4-93FC-487D-9511-3EE9FFA5C0F0}.Debug|x86.ActiveCfg = Debug|Any CPU
		{010FCEA4-93FC-487D-9511-3EE9FFA5C0F0}.Debug|x86.Build.0 = Debug|Any CPU
		{010FCEA4-93FC-487D-9511-3EE9FFA5C0F0}.Release|Any CPU.ActiveCfg = Release|Any CPU
		{010FCEA4-93FC-487D-9511-3EE9FFA5C0F0}.Release|Any CPU.Build.0 = Release|Any CPU
		{010FCEA4-93FC-487D-9511-3EE9FFA5C0F0}.Release|x64.ActiveCfg = Release|Any CPU
		{010FCEA4-93FC-487D-9511-3EE9FFA5C0F0}.Release|x64.Build.0 = Release|Any CPU
		{010FCEA4-93FC-487D-9511-3EE9FFA5C0F0}.Release|x86.ActiveCfg = Release|Any CPU
		{010FCEA4-93FC-487D-9511-3EE9FFA5C0F0}.Release|x86.Build.0 = Release|Any CPU
		{E32C8A19-EA87-47C1-B5CC-605A9C6264DD}.Debug|Any CPU.ActiveCfg = Debug|Any CPU
		{E32C8A19-EA87-47C1-B5CC-605A9C6264DD}.Debug|Any CPU.Build.0 = Debug|Any CPU
		{E32C8A19-EA87-47C1-B5CC-605A9C6264DD}.Debug|x64.ActiveCfg = Debug|Any CPU
		{E32C8A19-EA87-47C1-B5CC-605A9C6264DD}.Debug|x64.Build.0 = Debug|Any CPU
		{E32C8A19-EA87-47C1-B5CC-605A9C6264DD}.Debug|x86.ActiveCfg = Debug|Any CPU
		{E32C8A19-EA87-47C1-B5CC-605A9C6264DD}.Debug|x86.Build.0 = Debug|Any CPU
		{E32C8A19-EA87-47C1-B5CC-605A9C6264DD}.Release|Any CPU.ActiveCfg = Release|Any CPU
		{E32C8A19-EA87-47C1-B5CC-605A9C6264DD}.Release|Any CPU.Build.0 = Release|Any CPU
		{E32C8A19-EA87-47C1-B5CC-605A9C6264DD}.Release|x64.ActiveCfg = Release|Any CPU
		{E32C8A19-EA87-47C1-B5CC-605A9C6264DD}.Release|x64.Build.0 = Release|Any CPU
		{E32C8A19-EA87-47C1-B5CC-605A9C6264DD}.Release|x86.ActiveCfg = Release|Any CPU
		{E32C8A19-EA87-47C1-B5CC-605A9C6264DD}.Release|x86.Build.0 = Release|Any CPU
		{FF5CC04B-B743-4626-BB39-1B87254AAE5F}.Debug|Any CPU.ActiveCfg = Debug|Any CPU
		{FF5CC04B-B743-4626-BB39-1B87254AAE5F}.Debug|Any CPU.Build.0 = Debug|Any CPU
		{FF5CC04B-B743-4626-BB39-1B87254AAE5F}.Debug|x64.ActiveCfg = Debug|Any CPU
		{FF5CC04B-B743-4626-BB39-1B87254AAE5F}.Debug|x64.Build.0 = Debug|Any CPU
		{FF5CC04B-B743-4626-BB39-1B87254AAE5F}.Debug|x86.ActiveCfg = Debug|Any CPU
		{FF5CC04B-B743-4626-BB39-1B87254AAE5F}.Debug|x86.Build.0 = Debug|Any CPU
		{FF5CC04B-B743-4626-BB39-1B87254AAE5F}.Release|Any CPU.ActiveCfg = Release|Any CPU
		{FF5CC04B-B743-4626-BB39-1B87254AAE5F}.Release|Any CPU.Build.0 = Release|Any CPU
		{FF5CC04B-B743-4626-BB39-1B87254AAE5F}.Release|x64.ActiveCfg = Release|Any CPU
		{FF5CC04B-B743-4626-BB39-1B87254AAE5F}.Release|x64.Build.0 = Release|Any CPU
		{FF5CC04B-B743-4626-BB39-1B87254AAE5F}.Release|x86.ActiveCfg = Release|Any CPU
		{FF5CC04B-B743-4626-BB39-1B87254AAE5F}.Release|x86.Build.0 = Release|Any CPU
	EndGlobalSection
EndGlobal
